
Microsoft Visual Studio Solution File, Format Version 12.00
# Visual Studio 15
VisualStudioVersion = 15.0.28307.489
MinimumVisualStudioVersion = 10.0.40219.1
Project("{9A19103F-16F7-4668-BE54-9A1E7A4F7556}") = "BestFitAPIService", "BestFit\BestFitAPIService.csproj", "{70A78444-AB13-4923-944E-6593F6C99882}"
EndProject
Project("{FAE04EC0-301F-11D3-BF4B-00C04F79EFBC}") = "PoseMeasurer", "PoseMeasurer\PoseMeasurer.csproj", "{76705ABE-5EAC-4C73-9B56-6F37581629B9}"
	ProjectSection(ProjectDependencies) = postProject
		{70A78444-AB13-4923-944E-6593F6C99882} = {70A78444-AB13-4923-944E-6593F6C99882}
	EndProjectSection
EndProject
Global
	GlobalSection(SolutionConfigurationPlatforms) = preSolution
		Debug|Any CPU = Debug|Any CPU
		Release|Any CPU = Release|Any CPU
	EndGlobalSection
	GlobalSection(ProjectConfigurationPlatforms) = postSolution
		{70A78444-AB13-4923-944E-6593F6C99882}.Debug|Any CPU.ActiveCfg = Debug|Any CPU
		{70A78444-AB13-4923-944E-6593F6C99882}.Debug|Any CPU.Build.0 = Debug|Any CPU
		{70A78444-AB13-4923-944E-6593F6C99882}.Release|Any CPU.ActiveCfg = Release|Any CPU
		{70A78444-AB13-4923-944E-6593F6C99882}.Release|Any CPU.Build.0 = Release|Any CPU
		{76705ABE-5EAC-4C73-9B56-6F37581629B9}.Debug|Any CPU.ActiveCfg = Debug|Any CPU
		{76705ABE-5EAC-4C73-9B56-6F37581629B9}.Debug|Any CPU.Build.0 = Debug|Any CPU
		{76705ABE-5EAC-4C73-9B56-6F37581629B9}.Release|Any CPU.ActiveCfg = Release|Any CPU
		{76705ABE-5EAC-4C73-9B56-6F37581629B9}.Release|Any CPU.Build.0 = Release|Any CPU
	EndGlobalSection
	GlobalSection(SolutionProperties) = preSolution
		HideSolutionNode = FALSE
	EndGlobalSection
	GlobalSection(ExtensibilityGlobals) = postSolution
		SolutionGuid = {1606BD36-A20A-4068-A9BA-C7D04F9225FD}
	EndGlobalSection
EndGlobal
